{
  "version": "5",
  "specifiers": {
    "jsr:@deno/installer-shell-setup@*": "0.3.4",
    "jsr:@std/assert@1": "1.0.19",
    "jsr:@std/internal@^1.0.12": "1.0.14",
    "npm:playwright@1.49.1": "1.49.1",
    "npm:three@0.160.0": "0.160.0",
    "npm:trystero@0.25.3": "0.25.3",
    "npm:yjs@13.6.20": "13.6.20"
  },
  "jsr": {
    "@deno/installer-shell-setup@0.3.4": {
      "integrity": "48665d1a737d487cce6874bc97bba70a5aeffa7053aca3f60df93c6fab8963b4"
    },
    "@std/assert@1.0.19": {
      "integrity": "eaada96ee120cb980bc47e040f82814d786fe8162ecc53c91d8df60b8755991e",
      "dependencies": [
        "jsr:@std/internal"
      ]
    },
    "@std/internal@1.0.14": {
      "integrity": "291516b3d4c35024d6ffbc0a9df5bf4c64116e05b50012cf846710152d2ffdf7"
    }
  },
  "npm": {
    "@noble/secp256k1@3.1.0": {
      "integrity": "sha512-+F7iS7tUMaNGXcc9X3PjmjvuQnXEuSjCRNzVVA2xAcKXgCaP0dHYz4SFyt4FKNHef7sOP//xihowcySSS7PK9g=="
    },
    "@trystero-p2p/core@0.25.3": {
      "integrity": "sha512-lQKNq/ha+vF6kQZrpaXJGzlzxLF/Fhizoy5dwJUYQlkqRrbPup/Jov2EpPX/CPr2X+f79HxVzonkeni3MxmCuQ=="
    },
    "@trystero-p2p/nostr@0.25.3": {
      "integrity": "sha512-nZV9Fl/GXuhIkJSQ+wIkdMoRLO1oSTUL/+vZorukaojeAdOpT/61e8b9Vzbt8L1ktMTaGPEJHw2BG/B5BCwBuw==",
      "dependencies": [
        "@noble/secp256k1",
        "@trystero-p2p/core"
      ]
    },
    "fsevents@2.3.2": {
      "integrity": "sha512-xiqMQR4xAeHTuB9uWm+fFRcIOgKBMiOBP+eXiyT7jsgVCq1bkVygt00oASowB7EdtpOHaaPgKt812P9ab+DDKA==",
      "os": ["darwin"],
      "scripts": true
    },
    "isomorphic.js@0.2.5": {
      "integrity": "sha512-PIeMbHqMt4DnUP3MA/Flc0HElYjMXArsw1qwJZcm9sqR8mq3l8NYizFMty0pWwE/tzIGH3EKK5+jes5mAr85yw=="
    },
    "lib0@0.2.117": {
      "integrity": "sha512-DeXj9X5xDCjgKLU/7RR+/HQEVzuuEUiwldwOGsHK/sfAfELGWEyTcf0x+uOvCvK3O2zPmZePXWL85vtia6GyZw==",
      "dependencies": [
        "isomorphic.js"
      ],
      "bin": true
    },
    "playwright-core@1.49.1": {
      "integrity": "sha512-BzmpVcs4kE2CH15rWfzpjzVGhWERJfmnXmniSyKeRZUs9Ws65m+RGIi7mjJK/euCegfn3i7jvqWeWyHe9y3Vgg==",
      "bin": true
    },
    "playwright@1.49.1": {
      "integrity": "sha512-VYL8zLoNTBxVOrJBbDuRgDWa3i+mfQgDTrL8Ah9QXZ7ax4Dsj0MSq5bYgytRnDVVe+njoKnfsYkH3HzqVj5UZA==",
      "dependencies": [
        "playwright-core"
      ],
      "optionalDependencies": [
        "fsevents"
      ],
      "bin": true
    },
    "three@0.160.0": {
      "integrity": "sha512-DLU8lc0zNIPkM7rH5/e1Ks1Z8tWCGRq6g8mPowdDJpw1CFBJMU7UoJjC6PefXW7z//SSl0b2+GCw14LB+uDhng=="
    },
    "trystero@0.25.3": {
      "integrity": "sha512-mm6Mzmm10OXKfvOA0tUG6XXqlQDIPdHg0//mEqA4ayrtdqiie4ZQpSluEp6074L+dCtotCfCn/B/CWLWavZK6Q==",
      "dependencies": [
        "@trystero-p2p/nostr"
      ]
    },
    "yjs@13.6.20": {
      "integrity": "sha512-Z2YZI+SYqK7XdWlloI3lhMiKnCdFCVC4PchpdO+mCYwtiTwncjUbnRK9R1JmkNfdmHyDXuWN3ibJAt0wsqTbLQ==",
      "dependencies": [
        "lib0"
      ]
    }
  },
  "workspace": {
    "dependencies": [
      "jsr:@std/assert@1",
      "npm:three@0.160.0",
      "npm:trystero@0.25.3",
      "npm:yjs@13.6.20"
    ]
  }
}
